hash: 2c82464738bec76cfaa4d9535cbe97f7c90d8d1c3e568a888aefb5fab309bac3
updated: 2019-03-19T15:17:02.808374392+01:00
imports:
- name: bitbucket.org/ww/goautoneg
  version: 75cd24fc2f2c2a2088577d12123ddee5f54e0675
- name: cloud.google.com/go
  version: 3b1ae45394a234c385be014e9a488f2bb6eef821
- name: github.com/AaronO/go-git-http
  version: 1d9485b3a98f7484772acb5f0dda28b69b958fdd
- name: github.com/abbot/go-http-auth
  version: c0ef4539dfab4d21c8ef20ba2924f9fc6f186d35
- name: github.com/alexbrainman/sspi
  version: e580b900e9f5657daa5473021296289be6da2661
- name: github.com/apcera/gssapi
  version: 5fb4217df13b8e6878046fe1e5c10e560e1b86dc
- name: github.com/armon/circbuf
  version: bbbad097214e2918d8543d5201d12bfd7bca254d
- name: github.com/asaskevich/govalidator
  version: 593d64559f7600f29581a3ee42177f5dbded27a9
- name: github.com/aws/aws-sdk-go
  version: 760741802ad40f49ae9fc4a69ef6706d2527d62e
- name: github.com/Azure/azure-sdk-for-go
  version: 56a0b1d2af3b65d5f1f7a330e02faaf48b473c5a
- name: github.com/Azure/go-ansiterm
  version: 19f72df4d05d31cbe1c56bfc8045c96babff6c7e
- name: github.com/Azure/go-autorest
  version: 1ff28809256a84bb6966640ff3d0371af82ccba4
- name: github.com/bcicen/go-haproxy
  version: ff5824fe38bede761b873cab6e247a530e89236a
- name: github.com/beorn7/perks
  version: 3ac7bf7a47d159a033b107610db8a1b6575507a4
- name: github.com/blang/semver
  version: b38d23b8782a487059e8fc8773e9a5b228a77cb6
- name: github.com/certifi/gocertifi
  version: deb3ae2ef2610fde3330947281941c562861188b
- name: github.com/chai2010/gettext-go
  version: c6fed771bfd517099caf0f7a961671fa8ed08723
- name: github.com/cloudflare/cfssl
  version: 4e2dcbde500472449917533851bf4bae9bdff562
- name: github.com/clusterhq/flocker-go
  version: 2b8b7259d3139c96c4a6871031355808ab3fd3b3
- name: github.com/cockroachdb/cmux
  version: b64f5908f4945f4b11ed4a0a9d3cc1e23350866d
- name: github.com/codedellemc/goscaleio
  version: 20e2ce2cf8852dc78bd42b76698dcd8dcd77b7b1
- name: github.com/container-storage-interface/spec
  version: 2178fdeea87f1150a17a63252eee28d4d8141f72
- name: github.com/containerd/console
  version: 84eeaae905fa414d03e07bcd6c8d3f19e7cf180e
- name: github.com/containerd/containerd
  version: cfd04396dc68220d1cecbe686a6cc3aa5ce3667c
- name: github.com/containernetworking/cni
  version: a7885cb6f8ab03fba07852ded351e4f5e7a112bf
- name: github.com/containernetworking/plugins
  version: 7480240de9749f9a0a5c8614b17f1f03e0c06ab9
- name: github.com/containers/image
  version: 4bc6d24282b115f8b61a6d08470ed42ac7c91392
  repo: https://github.com/openshift/containers-image.git
- name: github.com/containers/storage
  version: 47536c89fcc545a87745e1a1573addc439409165
- name: github.com/coreos/bbolt
  version: 32c383e75ce054674c53b5a07e55de85332aee14
- name: github.com/coreos/etcd
  version: 135cf9b40738d17886f499b40bc176fc892ba5e9
  repo: https://github.com/openshift/coreos-etcd.git
  subpackages:
  - auth/authpb
  - clientv3
  - etcdserver/api/v3rpc/rpctypes
  - etcdserver/etcdserverpb
  - mvcc/mvccpb
  - pkg/tlsutil
  - pkg/transport
  - pkg/types
- name: github.com/coreos/go-iptables
  version: 259c8e6a4275d497442c721fa52204d7a58bde8b
- name: github.com/coreos/go-oidc
  version: 065b426bd41667456c1a924468f507673629c46b
- name: github.com/coreos/go-semver
  version: 568e959cd89871e61434c1143528d9162da89ef2
- name: github.com/coreos/go-systemd
  version: 48702e0da86bd25e76cfef347e2adeb434a0d0a6
- name: github.com/coreos/pkg
  version: fa29b1d70f0beaddd4c7021607cc3c3be8ce94b8
- name: github.com/coreos/rkt
  version: ec37f3cb649bfb72408906e7cbf330e4aeda1075
- name: github.com/cyphar/filepath-securejoin
  version: ae69057f2299fb9e5ba2df738607e6a505b74ab6
- name: github.com/d2g/dhcp4
  version: a1d1b6c41b1ce8a71a5121a9cee31809c4707d9c
- name: github.com/d2g/dhcp4client
  version: 6e570ed0a266b730a860ba1068090f683b2c213a
- name: github.com/davecgh/go-spew
  version: 782f4967f2dc4564575ca782fe2d04090b5faca8
  subpackages:
  - spew
- name: github.com/daviddengcn/go-colortext
  version: 511bcaf42ccd42c38aba7427b6673277bf19e2a1
- name: github.com/dgrijalva/jwt-go
  version: 01aeca54ebda6e0fbfafd0a524d234159c05ec20
- name: github.com/docker/distribution
  version: d4c35485a70df4dce2179bc227b1393a69edb809
  repo: https://github.com/openshift/docker-distribution.git
  subpackages:
  - digestset
  - reference
- name: github.com/docker/docker
  version: da810a85109d7bd7ccd8f2d622556cbcfc00386b
  repo: https://github.com/openshift/moby-moby.git
- name: github.com/docker/go-connections
  version: 3ede32e2033de7505e6500d6c868c2b9ed9f169d
- name: github.com/docker/go-units
  version: 9e638d38cf6977a37a8ea0078f3ee75a7cdb2dd1
- name: github.com/docker/libnetwork
  version: ba46b928444931e6865d8618dc03622cac79aa6f
- name: github.com/docker/libtrust
  version: 9cbd2a1374f46905c68a4eb3694a130610adc62a
- name: github.com/docker/spdystream
  version: 449fdfce4d962303d702fec724ef0ad181c92528
- name: github.com/elazarl/go-bindata-assetfs
  version: 3dcc96556217539f50599357fb481ac0dc7439b9
- name: github.com/elazarl/goproxy
  version: c4fc26588b6ef8af07a191fcb6476387bdd46711
- name: github.com/emicklei/go-restful
  version: ff4f55a206334ef123e4f79bbf348980da81ca46
- name: github.com/emicklei/go-restful-swagger12
  version: 5e28dc7157ebd9247a268c26dd1bee7818aa33f7
  repo: https://github.com/openshift/emicklei-go-restful-swagger12
- name: github.com/euank/go-kmsg-parser
  version: 5ba4d492e455a77d25dcf0d2c4acc9f2afebef4e
- name: github.com/evanphx/json-patch
  version: 94e38aa1586e8a6c8a75770bddf5ff84c48a106b
- name: github.com/exponent-io/jsonpath
  version: d6023ce2651d8eafb5c75bb0c7167536102ec9f5
- name: github.com/fatih/camelcase
  version: f6a740d52f961c60348ebb109adde9f4635d7540
- name: github.com/fsnotify/fsnotify
  version: c2828203cd70a50dcccfb2761f8b1f8ceef9a8e9
- name: github.com/fsouza/go-dockerclient
  version: 7511300f03c521cfc8e07e88ea8c915add790f50
  repo: https://github.com/openshift/go-dockerclient.git
- name: github.com/getsentry/raven-go
  version: 32a13797442ccb601b11761d74232773c1402d14
- name: github.com/ghodss/yaml
  version: 73d445a93680fa1a78ae23a5839bad48f32ba1ee
- name: github.com/go-ini/ini
  version: 300e940a926eb277d3901b20bdfcc54928ad3642
- name: github.com/go-openapi/analysis
  version: b44dc874b601d9e4e2f6e19140e794ba24bead3b
- name: github.com/go-openapi/errors
  version: d24ebc2075bad502fac3a8ae27aa6dd58e1952dc
- name: github.com/go-openapi/jsonpointer
  version: 46af16f9f7b149af66e5d1bd010e3574dc06de98
- name: github.com/go-openapi/jsonreference
  version: 13c6e3589ad90f49bd3e3bbe2c2cb3d7a4142272
- name: github.com/go-openapi/loads
  version: a80dea3052f00e5f032e860dd7355cd0cc67e24d
- name: github.com/go-openapi/runtime
  version: 11e322eeecc1032d5a0a96c566ed53f2b5c26e22
- name: github.com/go-openapi/spec
  version: 1de3e0542de65ad8d75452a595886fdd0befb363
- name: github.com/go-openapi/strfmt
  version: d65c7fdb29eca313476e529628176fe17e58c488
- name: github.com/go-openapi/swag
  version: f3f9494671f93fcff853e3c6e9e948b3eb71e590
- name: github.com/go-openapi/validate
  version: d509235108fcf6ab4913d2dcb3a2260c0db2108e
- name: github.com/gocarina/gocsv
  version: a5c9099e2484f1551abb9433885e158610a25f4b
- name: github.com/godbus/dbus
  version: c7fdd8b5cd55e87b4e1f4e372cdb1db61dd6c66f
- name: github.com/gogo/protobuf
  version: c0656edd0d9eab7c66d1eb0c568f9039345796f7
  subpackages:
  - proto
  - sortkeys
- name: github.com/golang/glog
  version: 44145f04b68cf362d9c4df2182967c2275eaefed
- name: github.com/golang/groupcache
  version: 02826c3e79038b59d737d3b1c0a1d937f71a4433
- name: github.com/golang/mock
  version: bd3c8e81be01eef76d4b503f5e687d2d1354d2d9
- name: github.com/golang/protobuf
  version: b4deda0973fb4c70b50d226b1af49f3da59f5265
  subpackages:
  - proto
  - protoc-gen-go/descriptor
  - ptypes
  - ptypes/any
  - ptypes/duration
  - ptypes/timestamp
- name: github.com/gonum/blas
  version: 37e82626499e1df7c54aeaba0959fd6e7e8dc1e4
- name: github.com/gonum/floats
  version: f74b330d45c56584a6ea7a27f5c64ea2900631e9
- name: github.com/gonum/graph
  version: 50b27dea7ebbfb052dfaf91681afc6fde28d8796
- name: github.com/gonum/internal
  version: e57e4534cf9b3b00ef6c0175f59d8d2d34f60914
- name: github.com/gonum/lapack
  version: 5ed4b826becd1807e09377508f51756586d1a98c
- name: github.com/gonum/matrix
  version: dd6034299e4242c9f0ea36735e6d4264dfcb3f9f
- name: github.com/google/btree
  version: 4030bb1f1f0c35b30ca7009e9ebd06849dd45306
- name: github.com/google/cadvisor
  version: c38aa7d9fa62f6b32862471d35a8944f3718cbda
  repo: https://github.com/openshift/google-cadvisor.git
- name: github.com/google/certificate-transparency-go
  version: 1bec4527572c443752ad4f2830bef88be0533236
- name: github.com/google/gofuzz
  version: 44d81051d367757e1c7c6a5a86423ece9afcf63c
- name: github.com/google/uuid
  version: 0cd6bf5da1e1c83f8b45653022c74f71af0538a4
- name: github.com/googleapis/gnostic
  version: 0c5108395e2debce0d731cf0287ddf7242066aba
- name: github.com/gophercloud/gophercloud
  version: 781450b3c4fcb4f5182bcc5133adb4b2e4a09d1d
- name: github.com/gorilla/context
  version: 08b5f424b9271eedf6f9f0ce86cb9396ed337a42
- name: github.com/gorilla/mux
  version: e48e440e4c92e3251d812f8ce7858944dfa3331c
- name: github.com/gorilla/securecookie
  version: 51f47194a536d357035c4ad9304e2fa42dde262a
- name: github.com/gorilla/sessions
  version: a3acf13e802c358d65f249324d14ed24aac11370
- name: github.com/gorilla/websocket
  version: 6eb6ad425a89d9da7a5549bc6da8f79ba5c17844
- name: github.com/gregjones/httpcache
  version: 787624de3eb7bd915c329cba748687a3b22666a6
- name: github.com/grpc-ecosystem/go-grpc-prometheus
  version: 2500245aa6110c562d17020fb31a2c133d737799
- name: github.com/grpc-ecosystem/grpc-gateway
  version: 8cc3a55af3bcf171a1c23a90c4df9cf591706104
- name: github.com/hashicorp/golang-lru
  version: a0d98a5f288019575c6d1f4bb1573fef2d1fcdc4
- name: github.com/hashicorp/hcl
  version: d8c773c4cba11b11539e3d45f93daeaa5dcf1fa1
- name: github.com/heketi/heketi
  version: aaf40619d85fda757e7a1c1ea1b5118cea65594b
- name: github.com/imdario/mergo
  version: 6633656539c1639d9d78127b7d47c622b5d7b6dc
- name: github.com/inconshreveable/mousetrap
  version: 76626ae9c91c4f2a10f34cad8ce83ea42c93bb75
- name: github.com/JeffAshton/win_pdh
  version: 76bb4ee9f0ab50f77826f2a2ee7fb9d3880d6ec2
- name: github.com/jmespath/go-jmespath
  version: 0b12d6b521d83fc7f755e7cfc1b1fbdd35a01a74
- name: github.com/joho/godotenv
  version: 6d367c18edf6ca7fd004efd6863e4c5728fa858e
- name: github.com/jonboulle/clockwork
  version: 72f9bd7c4e0c2a40055ab3d0f09654f730cce982
- name: github.com/json-iterator/go
  version: f2b4162afba35581b6d4a50d3b8f34e33c144682
- name: github.com/jteeuwen/go-bindata
  version: a0ff2567cfb70903282db057e799fd826784d41d
- name: github.com/kardianos/osext
  version: 8fef92e41e22a70e700a96b29f066cda30ea24ef
- name: github.com/kr/fs
  version: 2788f0dbd16903de03cb8186e5c7d97b69ad387b
- name: github.com/lestrrat/go-jspointer
  version: f4881e611bdbe9fb413a7780721ef8400a1f2341
- name: github.com/lestrrat/go-jsref
  version: 50df7b2d07d799426a9ac43fa24bdb4785f72a54
- name: github.com/lestrrat/go-jsschema
  version: a6a42341b50d8d7e2a733db922eefaa756321021
- name: github.com/lestrrat/go-pdebug
  version: 569c97477ae8837e053e5a50bc739e15172b8ebe
- name: github.com/lestrrat/go-structinfo
  version: 8204d40bbcd79eb7603cd4c2c998e60eb2479ded
- name: github.com/libopenstorage/openstorage
  version: 093a0c3888753c2056e7373183693d670c6bba01
- name: github.com/lpabon/godbc
  version: 9577782540c1398b710ddae1b86268ba03a19b0c
- name: github.com/magiconair/properties
  version: 61b492c03cf472e0c6419be5899b8e0dc28b1b88
- name: github.com/mailru/easyjson
  version: 2f5df55504ebc322e4d52d34df6a1f5b503bf26d
- name: github.com/MakeNowJust/heredoc
  version: bb23615498cded5e105af4ce27de75b089cbe851
- name: github.com/marstr/guid
  version: 8bdf7d1a087ccc975cf37dd6507da50698fd19ca
- name: github.com/mattn/go-shellwords
  version: f8471b0a71ded0ab910825ee2cf230f25de000f1
- name: github.com/matttproud/golang_protobuf_extensions
  version: fc2b8d3a73c4867e51861bbdd5ae3c1f0869dd6a
- name: github.com/Microsoft/go-winio
  version: 78439966b38d69bf38227fbf57ac8a6fee70f69a
- name: github.com/Microsoft/hcsshim
  version: 800683ae704ac360b2f3f47fa88f3a6c8c9091b5
- name: github.com/miekg/dns
  version: 5a2b9fab83ff0f8bfc99684bd5f43a37abe560f1
- name: github.com/mindprince/gonvml
  version: fee913ce8fb235edf54739d259ca0ecc226c7b8a
- name: github.com/mistifyio/go-zfs
  version: 1b4ae6fb4e77b095934d4430860ff202060169f8
- name: github.com/mitchellh/go-wordwrap
  version: ad45545899c7b13c020ea92b2072220eefad42b8
- name: github.com/mitchellh/mapstructure
  version: 53818660ed4955e899c0bcafa97299a388bd7c8e
- name: github.com/modern-go/concurrent
  version: bacd9c7ef1dd9b15be4a9909b8ac7a4e313eec94
- name: github.com/modern-go/reflect2
  version: 05fbef0ca5da472bbf96c9322b84a53edc03c9fd
- name: github.com/mohae/deepcopy
  version: 491d3605edfb866af34a48075bd4355ac1bf46ca
- name: github.com/mrunalp/fileutils
  version: 4ee1cc9a80582a0c75febdd5cfa779ee4361cbca
- name: github.com/mtrmac/gpgme
  version: b2432428689ca58c2b8e8dea9449d3295cf96fc9
- name: github.com/mxk/go-flowrate
  version: cca7078d478f8520f85629ad7c68962d31ed7682
- name: github.com/Nvveen/Gotty
  version: cd527374f1e5bff4938207604a14f2e38a9cf512
- name: github.com/NYTimes/gziphandler
  version: 56545f4a5d46df9a6648819d1664c3a03a13ffdb
- name: github.com/onsi/ginkgo
  version: 53ca7dc85f609e8aa3af7902f189ed5dca96dbb5
  repo: https://github.com/openshift/onsi-ginkgo.git
- name: github.com/onsi/gomega
  version: d59fa0ac68bb5dd932ee8d24eed631cdd519efc3
- name: github.com/opencontainers/go-digest
  version: a6d0ee40d4207ea02364bd3b9e8e77b9159ba1eb
- name: github.com/opencontainers/image-spec
  version: 372ad780f63454fbbbbcc7cf80e5b90245c13e13
- name: github.com/opencontainers/runc
  version: 7c7775178c25e952571573f44a8df281824cf8e1
  repo: https://github.com/openshift/opencontainers-runc.git
- name: github.com/opencontainers/runtime-spec
  version: 02137cd4e50b37a01665e1731fcd4ac2d2178230
- name: github.com/opencontainers/selinux
  version: 4a2974bf1ee960774ffd517717f1f45325af0206
- name: github.com/openshift/api
  version: 5ad8479f64f1b60ee9c62ce8ef1fe6638838725e
  subpackages:
  - apps/v1
  - authorization/v1
  - build/v1
  - image
  - image/docker10
  - image/dockerpre012
  - image/v1
  - network/v1
  - oauth/v1
  - pkg/serialization
  - project/v1
  - quota/v1
  - route/v1
  - security/v1
  - template/v1
  - user/v1
- name: github.com/openshift/client-go
  version: 431ec9a26e5021f35fa41ee9a89842db9bfdb370
- name: github.com/openshift/imagebuilder
  version: c0887bd82bb30c80ad4a0fd19a22b2520a8223c6
- name: github.com/openshift/library-go
  version: 0b8367a4679859036c27a30dbe010d76409e7075
  subpackages:
  - pkg/serviceability
- name: github.com/openshift/origin
  version: 3d892ff16484e62cf28cc464916e94a95ae0b3c6
  subpackages:
  - pkg/api/apihelpers
  - pkg/api/install
  - pkg/api/legacy
  - pkg/apps/apis/apps
  - pkg/apps/apis/apps/install
  - pkg/apps/apis/apps/v1
  - pkg/authorization/apis/authorization
  - pkg/authorization/apis/authorization/install
  - pkg/authorization/apis/authorization/internal/serviceaccount
  - pkg/authorization/apis/authorization/rbacconversion
  - pkg/authorization/apis/authorization/v1
  - pkg/build/apis/build
  - pkg/build/apis/build/install
  - pkg/build/apis/build/internal_helpers
  - pkg/build/apis/build/v1
  - pkg/cmd/server/apis/config
  - pkg/cmd/server/apis/config/install
  - pkg/cmd/server/apis/config/v1
  - pkg/cmd/util
  - pkg/cmd/util/pem
  - pkg/image/apis/image
  - pkg/image/apis/image/docker10
  - pkg/image/apis/image/install
  - pkg/image/apis/image/reference
  - pkg/image/apis/image/v1
  - pkg/image/apiserver/admission/apis/imagepolicy
  - pkg/image/apiserver/admission/apis/imagepolicy/install
  - pkg/image/apiserver/admission/apis/imagepolicy/v1
  - pkg/image/internal/digest
  - pkg/image/internal/reference
  - pkg/network/apis/network
  - pkg/network/apis/network/install
  - pkg/network/apis/network/v1
  - pkg/network/apiserver/admission/apis/ingressadmission
  - pkg/network/apiserver/admission/apis/ingressadmission/install
  - pkg/network/apiserver/admission/apis/ingressadmission/v1
  - pkg/oauth/apis/oauth
  - pkg/oauth/apis/oauth/install
  - pkg/oauth/apis/oauth/v1
  - pkg/project/apis/project
  - pkg/project/apis/project/install
  - pkg/project/apis/project/v1
  - pkg/project/apiserver/admission/apis/requestlimit
  - pkg/project/apiserver/admission/apis/requestlimit/install
  - pkg/project/apiserver/admission/apis/requestlimit/v1
  - pkg/quota/apis/quota
  - pkg/quota/apis/quota/install
  - pkg/quota/apis/quota/v1
  - pkg/quota/apiserver/admission/apis/clusterresourceoverride
  - pkg/quota/apiserver/admission/apis/clusterresourceoverride/install
  - pkg/quota/apiserver/admission/apis/clusterresourceoverride/v1
  - pkg/quota/apiserver/admission/apis/runonceduration
  - pkg/quota/apiserver/admission/apis/runonceduration/install
  - pkg/quota/apiserver/admission/apis/runonceduration/v1
  - pkg/route/apis/route
  - pkg/route/apis/route/install
  - pkg/route/apis/route/v1
  - pkg/scheduler/admission/apis/podnodeconstraints
  - pkg/scheduler/admission/apis/podnodeconstraints/install
  - pkg/scheduler/admission/apis/podnodeconstraints/v1
  - pkg/security/apis/security
  - pkg/security/apis/security/install
  - pkg/security/apis/security/v1
  - pkg/security/securitycontextconstraints/util
  - pkg/service/admission/apis/externalipranger
  - pkg/service/admission/apis/externalipranger/install
  - pkg/service/admission/apis/externalipranger/v1
  - pkg/service/admission/apis/restrictedendpoints
  - pkg/service/admission/apis/restrictedendpoints/install
  - pkg/service/admission/apis/restrictedendpoints/v1
  - pkg/template/apis/template
  - pkg/template/apis/template/install
  - pkg/template/apis/template/v1
  - pkg/user/apis/user
  - pkg/user/apis/user/install
  - pkg/user/apis/user/v1
  - pkg/user/apis/user/validation
- name: github.com/openshift/service-serving-cert-signer
  version: e6e3e052f4aa60d0630c206d5e7885229ff956d5
- name: github.com/openshift/source-to-image
  version: d7dca853b2f3049d054901133f69bcab5db63ad1
- name: github.com/pborman/uuid
  version: ca53cad383cad2479bbba7f7a1a05797ec1386e4
- name: github.com/pelletier/go-toml
  version: 16398bac157da96aa88f98a2df640c7f32af1da2
- name: github.com/peterbourgon/diskv
  version: 5f041e8faa004a95c88a202771f4cc3e991971e6
- name: github.com/pkg/errors
  version: 645ef00459ed84a119197bfb8d8205042c6df63d
- name: github.com/pkg/profile
  version: 057bc52a47ec3c79498dda63f4a6f8298725e976
- name: github.com/pkg/sftp
  version: 4d0e916071f68db74f8a73926335f809396d6b42
- name: github.com/pmezard/go-difflib
  version: d8ed2627bdf02c080bf22230dbb337003b7aba2d
- name: github.com/pquerna/cachecontrol
  version: 0dec1b30a0215bb68605dfc568e8855066c9202d
- name: github.com/prometheus/client_golang
  version: e7e903064f5e9eb5da98208bae10b475d4db0f8c
- name: github.com/prometheus/client_model
  version: fa8ad6fec33561be4280a8f0514318c79d7f6cb6
- name: github.com/prometheus/common
  version: 13ba4ddd0caa9c28ca7b7bffe1dfa9ed8d5ef207
- name: github.com/prometheus/procfs
  version: 65c1f6f8f0fc1e2185eb9863a3bc751496404259
- name: github.com/PuerkitoBio/purell
  version: 8a290539e2e8629dbc4e6bad948158f790ec31f4
- name: github.com/PuerkitoBio/urlesc
  version: 5bd2802263f21d8788851d5305584c82a5c75d7e
- name: github.com/quobyte/api
  version: f2b94aa4aa4f8fcf279fe667ccd916abe6a064d5
- name: github.com/rancher/go-rancher
  version: 09693a8743ba5ee58c58c1b1e8a4abd17af00d45
- name: github.com/RangelReale/osin
  version: 2dc1b43167692cdc89446b99b98fa9de6bff020f
- name: github.com/RangelReale/osincli
  version: fababb0555f21315d1a34af6615a16eaab44396b
- name: github.com/renstrom/dedent
  version: 020d11c3b9c0c7a3c2efcc8e5cf5b9ef7bcea21f
- name: github.com/robfig/cron
  version: df38d32658d8788cd446ba74db4bb5375c4b0cb3
- name: github.com/rubiojr/go-vhd
  version: 0bfd3b39853cdde5762efda92289f14b0ac0491b
- name: github.com/russross/blackfriday
  version: 300106c228d52c8941d4b3de6054a6062a86dda3
- name: github.com/satori/go.uuid
  version: 879c5887cd475cd7864858769793b2ceb0d44feb
- name: github.com/seccomp/libseccomp-golang
  version: 1b506fc7c24eec5a3693cdcbed40d9c226cfc6a1
- name: github.com/shurcooL/sanitized_anchor_name
  version: 10ef21a441db47d8b13ebcc5fd2310f636973c77
- name: github.com/sirupsen/logrus
  version: 89742aefa4b206dcf400792f3bd35b542998eb3b
- name: github.com/skynetservices/skydns
  version: 775ef406696380ce92b76e72421e86b6868905d8
  repo: https://github.com/openshift/skynetservices-skydns
- name: github.com/spf13/afero
  version: b28a7effac979219c2a2ed6205a4d70e4b1bcd02
- name: github.com/spf13/cast
  version: e31f36ffc91a2ba9ddb72a4b6a607ff9b3d3cb63
- name: github.com/spf13/cobra
  version: c439c4fa093711d42e1b01acb1235b52004753c1
- name: github.com/spf13/jwalterweatherman
  version: 33c24e77fb80341fe7130ee7c594256ff08ccc46
- name: github.com/spf13/pflag
  version: 583c0c0531f06d5278b7d917446061adc344b5cd
- name: github.com/spf13/viper
  version: 7fb2782df3d83e0036cc89f461ed0422628776f4
- name: github.com/storageos/go-api
  version: 3a4032328d99c1b43fbda3d85bd3c80fa06e1707
- name: github.com/stretchr/objx
  version: 1a9d0bb9f541897e62256577b352fdbc1fb4fd94
- name: github.com/stretchr/testify
  version: c679ae2cc0cb27ec3293fea7e254e47386f05d69
- name: github.com/syndtr/gocapability
  version: e7cb7fa329f456b3855136a2642b197bad7366ba
- name: github.com/ugorji/go
  version: ded73eae5db7e7a0ef6f55aace87a2873c5d2b74
- name: github.com/vishvananda/netlink
  version: 933b978eae8c18daa1077a0eb7186b689cd9f82d
- name: github.com/vishvananda/netns
  version: be1fbeda19366dea804f00efff2dd73a1642fdcc
- name: github.com/vjeantet/asn1-ber
  version: 85041cd0f4769ebf4a5ae600b1e921e630d6aff0
- name: github.com/vjeantet/ldapserver
  version: 5ac58729571e52ae23768e3c270c624d4ee7fa23
- name: github.com/vmware/govmomi
  version: e70dd44f80baf671099254d675eb278529038234
- name: github.com/vmware/photon-controller-go-sdk
  version: 4a435daef6ccd3d0edaac1161e76f51a70c2589a
- name: github.com/xanzy/go-cloudstack
  version: 1e2cbf647e57fa90353612074fdfc42faf5073bf
- name: github.com/xiang90/probing
  version: 07dd2e8dfe18522e9c447ba95f2fe95262f63bb2
- name: go4.org
  version: 03efcb870d84809319ea509714dd6d19a1498483
  repo: https://github.com/go4org/go4
  subpackages:
  - errorutil
- name: golang.org/x/crypto
  version: 49796115aa4b964c318aad4f3084fdb41e9aa067
  subpackages:
  - ssh/terminal
- name: golang.org/x/exp
  version: 292a51b8d262487dab23a588950e8052d63d9113
- name: golang.org/x/net
  version: 1c05540f6879653db88113bc4a2b70aec4bd491f
  subpackages:
  - context
  - http2
  - http2/hpack
  - idna
  - internal/timeseries
  - lex/httplex
  - trace
- name: golang.org/x/oauth2
  version: a6bd8cefa1811bd24b86f8902872e4e8225f74c4
- name: golang.org/x/sys
  version: 95c6576299259db960f6c5b9b69ea52422860fce
  subpackages:
  - unix
  - windows
- name: golang.org/x/text
  version: b19bf474d317b857955b12035d2c5acb57ce8b01
  subpackages:
  - secure/bidirule
  - transform
  - unicode/bidi
  - unicode/norm
- name: golang.org/x/time
  version: f51c12702a4d776e4c1fa9b0fabab841babae631
  subpackages:
  - rate
- name: golang.org/x/tools
  version: 2382e3994d48b1d22acc2c86bcad0a2aff028e32
- name: google.golang.org/api
  version: 8e296ef260056b6323d10727db40512dac6d92d5
- name: google.golang.org/appengine
  version: 12d5545dc1cfa6047a286d5e853841b6471f4c19
- name: google.golang.org/genproto
  version: 09f6ed296fc66555a25fe4ce95173148778dfa85
  subpackages:
  - googleapis/api/annotations
  - googleapis/rpc/status
- name: google.golang.org/grpc
  version: 5b3c4e850e90a4cf6a20ebd46c8b32a0a3afcb9e
  subpackages:
  - balancer
  - codes
  - connectivity
  - credentials
  - grpclb/grpc_lb_v1/messages
  - grpclog
  - health/grpc_health_v1
  - internal
  - keepalive
  - metadata
  - naming
  - peer
  - resolver
  - stats
  - status
  - tap
  - transport
- name: gopkg.in/asn1-ber.v1
  version: 379148ca0225df7a432012b8df0355c2a2063ac0
- name: gopkg.in/gcfg.v1
  version: 27e4946190b4a327b539185f2b5b1f7c84730728
- name: gopkg.in/inf.v0
  version: 3887ee99ecf07df5b447e9b00d9c0b2adaa9f3e4
- name: gopkg.in/ldap.v2
  version: bb7a9ca6e4fbc2129e3db588a34bc970ffe811a9
- name: gopkg.in/natefinch/lumberjack.v2
  version: 20b71e5b60d756d3d2f80def009790325acc2b23
- name: gopkg.in/square/go-jose.v2
  version: f8f38de21b4dcd69d0413faf231983f5fd6634b1
- name: gopkg.in/warnings.v0
  version: 8a331561fe74dadba6edfc59f3be66c22c3b065d
- name: gopkg.in/yaml.v2
  version: 670d4cfef0544295bc27a114dbac37980d83185a
- name: k8s.io/api
  version: 2d6f90ab1293a1fb871cf149423ebb72aa7423aa
  repo: https://github.com/openshift/kubernetes-api.git
  subpackages:
  - admission/v1beta1
  - admissionregistration/v1alpha1
  - admissionregistration/v1beta1
  - apps/v1
  - apps/v1beta1
  - apps/v1beta2
  - authentication/v1
  - authentication/v1beta1
  - authorization/v1
  - authorization/v1beta1
  - autoscaling/v1
  - autoscaling/v2beta1
  - batch/v1
  - batch/v1beta1
  - batch/v2alpha1
  - certificates/v1beta1
  - core/v1
  - events/v1beta1
  - extensions/v1beta1
  - imagepolicy/v1alpha1
  - networking/v1
  - policy/v1beta1
  - rbac/v1
  - rbac/v1alpha1
  - rbac/v1beta1
  - scheduling/v1alpha1
  - scheduling/v1beta1
  - settings/v1alpha1
  - storage/v1
  - storage/v1alpha1
  - storage/v1beta1
- name: k8s.io/apiextensions-apiserver
  version: 45cb0b8537cf79d23914721e0bf41a3479769b22
  repo: https://github.com/openshift/kubernetes-apiextensions-apiserver.git
  subpackages:
  - pkg/apis/apiextensions
  - pkg/apis/apiextensions/install
  - pkg/apis/apiextensions/v1beta1
  - pkg/features
- name: k8s.io/apimachinery
  version: 5f1ab6ad9104144e43c7e477938fd278ade27eb2
  repo: https://github.com/openshift/kubernetes-apimachinery.git
  subpackages:
  - pkg/api/equality
  - pkg/api/errors
  - pkg/api/meta
  - pkg/api/resource
  - pkg/api/validation
  - pkg/api/validation/path
  - pkg/apis/meta/internalversion
  - pkg/apis/meta/v1
  - pkg/apis/meta/v1/unstructured
  - pkg/apis/meta/v1/validation
  - pkg/apis/meta/v1beta1
  - pkg/conversion
  - pkg/conversion/queryparams
  - pkg/fields
  - pkg/labels
  - pkg/runtime
  - pkg/runtime/schema
  - pkg/runtime/serializer
  - pkg/runtime/serializer/json
  - pkg/runtime/serializer/protobuf
  - pkg/runtime/serializer/recognizer
  - pkg/runtime/serializer/streaming
  - pkg/runtime/serializer/versioning
  - pkg/selection
  - pkg/types
  - pkg/util/clock
  - pkg/util/diff
  - pkg/util/errors
  - pkg/util/framer
  - pkg/util/intstr
  - pkg/util/json
  - pkg/util/naming
  - pkg/util/net
  - pkg/util/runtime
  - pkg/util/sets
  - pkg/util/validation
  - pkg/util/validation/field
  - pkg/util/wait
  - pkg/util/yaml
  - pkg/version
  - pkg/watch
  - third_party/forked/golang/reflect
- name: k8s.io/apiserver
  version: 996cefeb14170756dc1626dde64fcfb63c8edb24
  repo: https://github.com/openshift/kubernetes-apiserver.git
  subpackages:
  - pkg/apis/apiserver
  - pkg/apis/apiserver/v1alpha1
  - pkg/apis/audit
  - pkg/apis/audit/v1alpha1
  - pkg/apis/audit/v1beta1
  - pkg/features
  - pkg/util/feature
- name: k8s.io/client-go
  version: 7eaf7133bcfa11e19ebbbc76ff53e2cb32524683
  repo: https://github.com/openshift/kubernetes-client-go.git
  subpackages:
  - kubernetes/scheme
  - pkg/apis/clientauthentication
  - pkg/apis/clientauthentication/v1alpha1
  - pkg/apis/clientauthentication/v1beta1
  - pkg/version
  - plugin/pkg/client/auth/exec
  - rest
  - rest/watch
  - tools/auth
  - tools/clientcmd
  - tools/clientcmd/api
  - tools/clientcmd/api/latest
  - tools/clientcmd/api/v1
  - tools/metrics
  - transport
  - util/cert
  - util/connrotation
  - util/flowcontrol
  - util/homedir
  - util/integer
- name: k8s.io/code-generator
  version: 8499bb57ac4c499aa239500d522666033e42ea31
  repo: https://github.com/openshift/kubernetes-code-generator.git
- name: k8s.io/gengo
  version: 01a732e01d00cb9a81bb0ca050d3e6d2b947927b
- name: k8s.io/heapster
  version: c2ac40f1adf8c42a79badddb2a2acd673cae3bcb
- name: k8s.io/kube-aggregator
  version: cc081889587926b33190858514775486c407bbe7
  repo: https://github.com/openshift/kube-aggregator.git
  subpackages:
  - pkg/apis/apiregistration
  - pkg/apis/apiregistration/install
  - pkg/apis/apiregistration/v1
  - pkg/apis/apiregistration/v1beta1
- name: k8s.io/kube-openapi
  version: 8a9b82f00b3a86eac24681da3f9fe6c34c01cea2
- name: k8s.io/kubernetes
  version: 0f51d762aba83a90c4b35e2d5d1e50f6aa48fc2a
  repo: https://github.com/openshift/kubernetes.git
  subpackages:
  - pkg/api/legacyscheme
  - pkg/api/service
  - pkg/apis/admission
  - pkg/apis/admission/install
  - pkg/apis/admission/v1beta1
  - pkg/apis/admissionregistration
  - pkg/apis/admissionregistration/install
  - pkg/apis/admissionregistration/v1alpha1
  - pkg/apis/admissionregistration/v1beta1
  - pkg/apis/apps
  - pkg/apis/apps/install
  - pkg/apis/apps/v1
  - pkg/apis/apps/v1beta1
  - pkg/apis/apps/v1beta2
  - pkg/apis/authentication
  - pkg/apis/authentication/install
  - pkg/apis/authentication/v1
  - pkg/apis/authentication/v1beta1
  - pkg/apis/authorization
  - pkg/apis/authorization/install
  - pkg/apis/authorization/v1
  - pkg/apis/authorization/v1beta1
  - pkg/apis/autoscaling
  - pkg/apis/autoscaling/install
  - pkg/apis/autoscaling/v1
  - pkg/apis/autoscaling/v2beta1
  - pkg/apis/batch
  - pkg/apis/batch/install
  - pkg/apis/batch/v1
  - pkg/apis/batch/v1beta1
  - pkg/apis/batch/v2alpha1
  - pkg/apis/certificates
  - pkg/apis/certificates/install
  - pkg/apis/certificates/v1beta1
  - pkg/apis/componentconfig
  - pkg/apis/componentconfig/install
  - pkg/apis/componentconfig/v1alpha1
  - pkg/apis/core
  - pkg/apis/core/helper
  - pkg/apis/core/install
  - pkg/apis/core/pods
  - pkg/apis/core/v1
  - pkg/apis/core/v1/helper
  - pkg/apis/core/validation
  - pkg/apis/events
  - pkg/apis/events/install
  - pkg/apis/events/v1beta1
  - pkg/apis/extensions
  - pkg/apis/extensions/install
  - pkg/apis/extensions/v1beta1
  - pkg/apis/imagepolicy
  - pkg/apis/imagepolicy/install
  - pkg/apis/imagepolicy/v1alpha1
  - pkg/apis/networking
  - pkg/apis/networking/install
  - pkg/apis/networking/v1
  - pkg/apis/policy
  - pkg/apis/policy/install
  - pkg/apis/policy/v1beta1
  - pkg/apis/rbac
  - pkg/apis/rbac/install
  - pkg/apis/rbac/v1
  - pkg/apis/rbac/v1alpha1
  - pkg/apis/rbac/v1beta1
  - pkg/apis/scheduling
  - pkg/apis/scheduling/install
  - pkg/apis/scheduling/v1alpha1
  - pkg/apis/scheduling/v1beta1
  - pkg/apis/settings
  - pkg/apis/settings/install
  - pkg/apis/settings/v1alpha1
  - pkg/apis/storage
  - pkg/apis/storage/install
  - pkg/apis/storage/v1
  - pkg/apis/storage/v1alpha1
  - pkg/apis/storage/v1beta1
  - pkg/capabilities
  - pkg/features
  - pkg/fieldpath
  - pkg/kubectl/scheme
  - pkg/kubelet/apis
  - pkg/kubelet/types
  - pkg/master/ports
  - pkg/security/apparmor
  - pkg/util/file
  - pkg/util/net/sets
  - pkg/util/parsers
  - pkg/util/pointer
- name: k8s.io/metrics
  version: 685524df5cb7bf3d3a6cdc7e7045c8ad4f84792b
  repo: https://github.com/openshift/kubernetes-metrics.git
- name: k8s.io/sample-apiserver
  version: 2fce749cdc6721edd1b2d74e875e55cc1fe6abfb
- name: k8s.io/utils
  version: 258e2a2fa64568210fbd6267cf1d8fd87c3cb86e
- name: vbom.ml/util
  version: db5cfe13f5cc80a4990d98e2e1b0707a4d1a5394
testImports: []
