# This file is autogenerated, do not edit; changes may be undone by the next 'dep ensure'.


[[projects]]
  digest = "1:6f77df4efbb5c5395eb72fe762e8ccb094da7647dd25e5f35d229705086517d2"
  name = "github.com/blang/semver"
  packages = ["."]
  pruneopts = "UT"
  revision = "b38d23b8782a487059e8fc8773e9a5b228a77cb6"
  version = "v3.5.0"

[[projects]]
  digest = "1:fed1f537c2f1269fe475a8556c393fe466641682d73ef8fd0491cd3aa1e47bad"
  name = "github.com/certifi/gocertifi"
  packages = ["."]
  pruneopts = "UT"
  revision = "deb3ae2ef2610fde3330947281941c562861188b"
  version = "2018.01.18"

[[projects]]
  branch = "origin-3.10-etcd-v3.2.16"
  digest = "1:3b9c050b404aaf6bebdbef9ecd717dd23ea5742e56991f8ff88a5d52945b8ea5"
  name = "github.com/coreos/etcd"
  packages = [
    "auth/authpb",
    "clientv3",
    "etcdserver/api/v3rpc/rpctypes",
    "etcdserver/etcdserverpb",
    "mvcc/mvccpb",
    "pkg/tlsutil",
    "pkg/transport",
    "pkg/types",
  ]
  pruneopts = "UT"
  revision = "135cf9b40738d17886f499b40bc176fc892ba5e9"
  source = "https://github.com/openshift/coreos-etcd.git"

[[projects]]
  digest = "1:6b21090f60571b20b3ddc2c8e48547dffcf409498ed6002c2cada023725ed377"
  name = "github.com/davecgh/go-spew"
  packages = ["spew"]
  pruneopts = "UT"
  revision = "782f4967f2dc4564575ca782fe2d04090b5faca8"

[[projects]]
  digest = "1:4189ee6a3844f555124d9d2656fe7af02fca961c2a9bad9074789df13a0c62e0"
  name = "github.com/docker/distribution"
  packages = [
    "digestset",
    "reference",
  ]
  pruneopts = "UT"
  revision = "edc3ab29cdff8694dd6feb85cfeb4b5f1b38ed9c"

[[projects]]
  digest = "1:64b8834281c5adadb0701f2f60feae1f044f8ed9336b616c104596a71e32b067"
  name = "github.com/getsentry/raven-go"
  packages = ["."]
  pruneopts = "UT"
  revision = "32a13797442ccb601b11761d74232773c1402d14"

[[projects]]
  digest = "1:c45cef8e0074ea2f8176a051df38553ba997a3616f1ec2d35222b1cf9864881e"
  name = "github.com/ghodss/yaml"
  packages = ["."]
  pruneopts = "UT"
  revision = "73d445a93680fa1a78ae23a5839bad48f32ba1ee"

[[projects]]
  digest = "1:f83d740263b44fdeef3e1bce6147b5d7283fcad1a693d39639be33993ecf3db1"
  name = "github.com/gogo/protobuf"
  packages = [
    "proto",
    "sortkeys",
  ]
  pruneopts = "UT"
  revision = "c0656edd0d9eab7c66d1eb0c568f9039345796f7"

[[projects]]
  digest = "1:2edd2416f89b4e841df0e4a78802ce14d2bc7ad79eba1a45986e39f0f8cb7d87"
  name = "github.com/golang/glog"
  packages = ["."]
  pruneopts = "UT"
  revision = "44145f04b68cf362d9c4df2182967c2275eaefed"

[[projects]]
  digest = "1:14834e04828af9e53954f1be45ea7f190c4c26d746009c2ab07c5828595539e9"
  name = "github.com/golang/protobuf"
  packages = [
    "proto",
    "protoc-gen-go/descriptor",
    "ptypes",
    "ptypes/any",
    "ptypes/duration",
    "ptypes/timestamp",
  ]
  pruneopts = "UT"
  revision = "b4deda0973fb4c70b50d226b1af49f3da59f5265"
  version = "v1.1.0"

[[projects]]
  digest = "1:41bfd4219241b7f7d6e6fdb13fc712576f1337e68e6b895136283b76928fdd66"
  name = "github.com/google/gofuzz"
  packages = ["."]
  pruneopts = "UT"
  revision = "44d81051d367757e1c7c6a5a86423ece9afcf63c"

[[projects]]
  digest = "1:06ec9147400aabb0d6960dd8557638603b5f320cd4cb8a3eceaae407e782849a"
  name = "github.com/imdario/mergo"
  packages = ["."]
  pruneopts = "UT"
  revision = "6633656539c1639d9d78127b7d47c622b5d7b6dc"

[[projects]]
  digest = "1:870d441fe217b8e689d7949fef6e43efbc787e50f200cb1e70dbca9204a1d6be"
  name = "github.com/inconshreveable/mousetrap"
  packages = ["."]
  pruneopts = "UT"
  revision = "76626ae9c91c4f2a10f34cad8ce83ea42c93bb75"
  version = "v1.0"

[[projects]]
  digest = "1:bb3cc4c1b21ea18cfa4e3e47440fc74d316ab25b0cf42927e8c1274917bd9891"
  name = "github.com/json-iterator/go"
  packages = ["."]
  pruneopts = "UT"
  revision = "f2b4162afba35581b6d4a50d3b8f34e33c144682"

[[projects]]
  digest = "1:33422d238f147d247752996a26574ac48dcf472976eda7f5134015f06bf16563"
  name = "github.com/modern-go/concurrent"
  packages = ["."]
  pruneopts = "UT"
  revision = "bacd9c7ef1dd9b15be4a9909b8ac7a4e313eec94"
  version = "1.0.3"

[[projects]]
  digest = "1:e32bdbdb7c377a07a9a46378290059822efdce5c8d96fe71940d87cb4f918855"
  name = "github.com/modern-go/reflect2"
  packages = ["."]
  pruneopts = "UT"
  revision = "4b7aa43c6742a2c18fdef89dd197aaae7dac7ccd"
  version = "1.0.1"

[[projects]]
  digest = "1:37423212694a4316f48e0bbac8e4f1fd366a384a286fbaa7d80baf99d86f0416"
  name = "github.com/opencontainers/go-digest"
  packages = ["."]
  pruneopts = "UT"
  revision = "a6d0ee40d4207ea02364bd3b9e8e77b9159ba1eb"

[[projects]]
  branch = "release-3.11"
  digest = "1:6af252e5b235e3620acf01c5c3e7bcd3bc12343e90902c5028686e7236dab01c"
  name = "github.com/openshift/api"
  packages = [
    "apps/v1",
    "authorization/v1",
    "build/v1",
    "image",
    "image/docker10",
    "image/dockerpre012",
    "image/v1",
    "network/v1",
    "oauth/v1",
    "pkg/serialization",
    "project/v1",
    "quota/v1",
    "route/v1",
    "security/v1",
    "template/v1",
    "user/v1",
  ]
  pruneopts = "UT"
  revision = "5ad8479f64f1b60ee9c62ce8ef1fe6638838725e"

[[projects]]
  branch = "release-3.11"
  digest = "1:1309ee460e7791c63cad22ce212cd2d6b1abaa80f9775a3c4e17d9717c4322f6"
  name = "github.com/openshift/library-go"
  packages = ["pkg/serviceability"]
  pruneopts = "UT"
  revision = "0b8367a4679859036c27a30dbe010d76409e7075"

[[projects]]
  branch = "release-3.11"
  digest = "1:28f6ba60d2318f7a671111bb5fad114d4424a0b4679c7faf8f43462d55df7abc"
  name = "github.com/openshift/origin"
  packages = [
    "pkg/api/apihelpers",
    "pkg/api/install",
    "pkg/api/legacy",
    "pkg/apps/apis/apps",
    "pkg/apps/apis/apps/install",
    "pkg/apps/apis/apps/v1",
    "pkg/authorization/apis/authorization",
    "pkg/authorization/apis/authorization/install",
    "pkg/authorization/apis/authorization/internal/serviceaccount",
    "pkg/authorization/apis/authorization/rbacconversion",
    "pkg/authorization/apis/authorization/v1",
    "pkg/build/apis/build",
    "pkg/build/apis/build/install",
    "pkg/build/apis/build/internal_helpers",
    "pkg/build/apis/build/v1",
    "pkg/cmd/server/apis/config",
    "pkg/cmd/server/apis/config/install",
    "pkg/cmd/server/apis/config/v1",
    "pkg/cmd/util",
    "pkg/cmd/util/pem",
    "pkg/image/apis/image",
    "pkg/image/apis/image/docker10",
    "pkg/image/apis/image/install",
    "pkg/image/apis/image/reference",
    "pkg/image/apis/image/v1",
    "pkg/image/apiserver/admission/apis/imagepolicy",
    "pkg/image/apiserver/admission/apis/imagepolicy/install",
    "pkg/image/apiserver/admission/apis/imagepolicy/v1",
    "pkg/image/internal/digest",
    "pkg/image/internal/reference",
    "pkg/network/apis/network",
    "pkg/network/apis/network/install",
    "pkg/network/apis/network/v1",
    "pkg/network/apiserver/admission/apis/ingressadmission",
    "pkg/network/apiserver/admission/apis/ingressadmission/install",
    "pkg/network/apiserver/admission/apis/ingressadmission/v1",
    "pkg/oauth/apis/oauth",
    "pkg/oauth/apis/oauth/install",
    "pkg/oauth/apis/oauth/v1",
    "pkg/project/apis/project",
    "pkg/project/apis/project/install",
    "pkg/project/apis/project/v1",
    "pkg/project/apiserver/admission/apis/requestlimit",
    "pkg/project/apiserver/admission/apis/requestlimit/install",
    "pkg/project/apiserver/admission/apis/requestlimit/v1",
    "pkg/quota/apis/quota",
    "pkg/quota/apis/quota/install",
    "pkg/quota/apis/quota/v1",
    "pkg/quota/apiserver/admission/apis/clusterresourceoverride",
    "pkg/quota/apiserver/admission/apis/clusterresourceoverride/install",
    "pkg/quota/apiserver/admission/apis/clusterresourceoverride/v1",
    "pkg/quota/apiserver/admission/apis/runonceduration",
    "pkg/quota/apiserver/admission/apis/runonceduration/install",
    "pkg/quota/apiserver/admission/apis/runonceduration/v1",
    "pkg/route/apis/route",
    "pkg/route/apis/route/install",
    "pkg/route/apis/route/v1",
    "pkg/scheduler/admission/apis/podnodeconstraints",
    "pkg/scheduler/admission/apis/podnodeconstraints/install",
    "pkg/scheduler/admission/apis/podnodeconstraints/v1",
    "pkg/security/apis/security",
    "pkg/security/apis/security/install",
    "pkg/security/apis/security/v1",
    "pkg/security/securitycontextconstraints/util",
    "pkg/service/admission/apis/externalipranger",
    "pkg/service/admission/apis/externalipranger/install",
    "pkg/service/admission/apis/externalipranger/v1",
    "pkg/service/admission/apis/restrictedendpoints",
    "pkg/service/admission/apis/restrictedendpoints/install",
    "pkg/service/admission/apis/restrictedendpoints/v1",
    "pkg/template/apis/template",
    "pkg/template/apis/template/install",
    "pkg/template/apis/template/v1",
    "pkg/user/apis/user",
    "pkg/user/apis/user/install",
    "pkg/user/apis/user/v1",
    "pkg/user/apis/user/validation",
  ]
  pruneopts = "UT"
  revision = "3d892ff16484e62cf28cc464916e94a95ae0b3c6"

[[projects]]
  digest = "1:40e195917a951a8bf867cd05de2a46aaf1806c50cf92eebf4c16f78cd196f747"
  name = "github.com/pkg/errors"
  packages = ["."]
  pruneopts = "UT"
  revision = "645ef00459ed84a119197bfb8d8205042c6df63d"
  version = "v0.8.0"

[[projects]]
  digest = "1:f78151c89dd321072c63130f4c7af7c91dea5b1e9b0ef461d15987a6f80a36bc"
  name = "github.com/pkg/profile"
  packages = ["."]
  pruneopts = "UT"
  revision = "057bc52a47ec3c79498dda63f4a6f8298725e976"

[[projects]]
  digest = "1:fb011abd58a582cf867409273f372fc6437eda670ff02055c47e6203e90466d7"
  name = "github.com/sirupsen/logrus"
  packages = ["."]
  pruneopts = "UT"
  revision = "89742aefa4b206dcf400792f3bd35b542998eb3b"

[[projects]]
  digest = "1:7c7ef7c1bf5eb925d97c670fba41f85f6dce02c334c96c23f74a4dadb208e4a7"
  name = "github.com/spf13/cobra"
  packages = ["."]
  pruneopts = "UT"
  revision = "c439c4fa093711d42e1b01acb1235b52004753c1"

[[projects]]
  digest = "1:9424f440bba8f7508b69414634aef3b2b3a877e522d8a4624692412805407bb7"
  name = "github.com/spf13/pflag"
  packages = ["."]
  pruneopts = "UT"
  revision = "583c0c0531f06d5278b7d917446061adc344b5cd"
  version = "v1.0.1"

[[projects]]
  digest = "1:38cb27d3525635c34e84e2dbc2207c37d10832776997665bf0ddaeae2c861f1f"
  name = "golang.org/x/crypto"
  packages = ["ssh/terminal"]
  pruneopts = "UT"
  revision = "49796115aa4b964c318aad4f3084fdb41e9aa067"

[[projects]]
  digest = "1:eb1363f1b6505a1bbc2fb12df67f9ab63eabff7c8465991e5b2d1c586690ba27"
  name = "golang.org/x/net"
  packages = [
    "context",
    "http2",
    "http2/hpack",
    "idna",
    "internal/timeseries",
    "lex/httplex",
    "trace",
  ]
  pruneopts = "UT"
  revision = "1c05540f6879653db88113bc4a2b70aec4bd491f"

[[projects]]
  digest = "1:e1a85d3648114c446b2874647bf30f646a8594e7e4e45db87fe962aba60e51f5"
  name = "golang.org/x/sys"
  packages = [
    "unix",
    "windows",
  ]
  pruneopts = "UT"
  revision = "95c6576299259db960f6c5b9b69ea52422860fce"

[[projects]]
  digest = "1:97337ef8cb438f9e3a99ea91a300e916ed9a96fbf3ad50f9a020d30ea9f8692f"
  name = "golang.org/x/text"
  packages = [
    "internal/gen",
    "internal/triegen",
    "internal/ucd",
    "secure/bidirule",
    "transform",
    "unicode/bidi",
    "unicode/cldr",
    "unicode/norm",
    "unicode/rangetable",
  ]
  pruneopts = "UT"
  revision = "b19bf474d317b857955b12035d2c5acb57ce8b01"

[[projects]]
  digest = "1:d37b0ef2944431fe9e8ef35c6fffc8990d9e2ca300588df94a6890f3649ae365"
  name = "golang.org/x/time"
  packages = ["rate"]
  pruneopts = "UT"
  revision = "f51c12702a4d776e4c1fa9b0fabab841babae631"

[[projects]]
  digest = "1:8cdf95611fb4c8dda453bbe86abd5971e797839d3b9987018de419dd760a8b04"
  name = "google.golang.org/appengine"
  packages = [
    "internal/base",
    "internal/datastore",
    "internal/log",
    "internal/remote_api",
  ]
  pruneopts = "UT"
  revision = "12d5545dc1cfa6047a286d5e853841b6471f4c19"

[[projects]]
  digest = "1:0efcfe82e59b828eb6f4115bba88ff45c0898c38e823fbe7f450bdffed9e739b"
  name = "google.golang.org/genproto"
  packages = [
    "googleapis/api/annotations",
    "googleapis/rpc/status",
  ]
  pruneopts = "UT"
  revision = "09f6ed296fc66555a25fe4ce95173148778dfa85"

[[projects]]
  digest = "1:45101b53b1b93d50e2464e3b164bfa72cc77229fb998cfcd029987006488c641"
  name = "google.golang.org/grpc"
  packages = [
    ".",
    "balancer",
    "codes",
    "connectivity",
    "credentials",
    "grpclb/grpc_lb_v1/messages",
    "grpclog",
    "health/grpc_health_v1",
    "internal",
    "keepalive",
    "metadata",
    "naming",
    "peer",
    "resolver",
    "stats",
    "status",
    "tap",
    "transport",
  ]
  pruneopts = "UT"
  revision = "5b3c4e850e90a4cf6a20ebd46c8b32a0a3afcb9e"
  version = "v1.7.5"

[[projects]]
  digest = "1:ef72505cf098abdd34efeea032103377bec06abb61d8a06f002d5d296a4b1185"
  name = "gopkg.in/inf.v0"
  packages = ["."]
  pruneopts = "UT"
  revision = "3887ee99ecf07df5b447e9b00d9c0b2adaa9f3e4"
  version = "v0.9.0"

[[projects]]
  digest = "1:fa62cd569ff15e4dba6dfc6d826e97a7913ef299eccd5804c9d614a84863e485"
  name = "gopkg.in/yaml.v2"
  packages = ["."]
  pruneopts = "UT"
  revision = "670d4cfef0544295bc27a114dbac37980d83185a"

[[projects]]
  branch = "origin-3.11-kubernetes-1.11.1"
  digest = "1:fcc8693dcd553f6a9dfe94487fa66443a166405e4c4cce87d50bbad58c0812ce"
  name = "k8s.io/api"
  packages = [
    "admission/v1beta1",
    "admissionregistration/v1alpha1",
    "admissionregistration/v1beta1",
    "apps/v1",
    "apps/v1beta1",
    "apps/v1beta2",
    "authentication/v1",
    "authentication/v1beta1",
    "authorization/v1",
    "authorization/v1beta1",
    "autoscaling/v1",
    "autoscaling/v2beta1",
    "batch/v1",
    "batch/v1beta1",
    "batch/v2alpha1",
    "certificates/v1beta1",
    "core/v1",
    "events/v1beta1",
    "extensions/v1beta1",
    "imagepolicy/v1alpha1",
    "networking/v1",
    "policy/v1beta1",
    "rbac/v1",
    "rbac/v1alpha1",
    "rbac/v1beta1",
    "scheduling/v1alpha1",
    "scheduling/v1beta1",
    "settings/v1alpha1",
    "storage/v1",
    "storage/v1alpha1",
    "storage/v1beta1",
  ]
  pruneopts = "UT"
  revision = "2d6f90ab1293a1fb871cf149423ebb72aa7423aa"

[[projects]]
  digest = "1:8c4d12374dbe58931efbc84c04b87388a8bf935d3fd9a5ce59b83929178c6e7a"
  name = "k8s.io/apiextensions-apiserver"
  packages = [
    "pkg/apis/apiextensions",
    "pkg/apis/apiextensions/install",
    "pkg/apis/apiextensions/v1beta1",
    "pkg/features",
  ]
  pruneopts = "UT"
  revision = "3de98c57bc05a81cf463e0ad7a0af4cec8a5b510"
  version = "kubernetes-1.11.0"

[[projects]]
  branch = "origin-3.11-kubernetes-1.11.1"
  digest = "1:9d8e16b6521e601d3a0b9c23ea245cf4b629d323300db263f01e89796fe6af12"
  name = "k8s.io/apimachinery"
  packages = [
    "pkg/api/equality",
    "pkg/api/errors",
    "pkg/api/meta",
    "pkg/api/resource",
    "pkg/api/validation",
    "pkg/api/validation/path",
    "pkg/apis/meta/internalversion",
    "pkg/apis/meta/v1",
    "pkg/apis/meta/v1/unstructured",
    "pkg/apis/meta/v1/validation",
    "pkg/apis/meta/v1beta1",
    "pkg/conversion",
    "pkg/conversion/queryparams",
    "pkg/fields",
    "pkg/labels",
    "pkg/runtime",
    "pkg/runtime/schema",
    "pkg/runtime/serializer",
    "pkg/runtime/serializer/json",
    "pkg/runtime/serializer/protobuf",
    "pkg/runtime/serializer/recognizer",
    "pkg/runtime/serializer/streaming",
    "pkg/runtime/serializer/versioning",
    "pkg/selection",
    "pkg/types",
    "pkg/util/clock",
    "pkg/util/diff",
    "pkg/util/errors",
    "pkg/util/framer",
    "pkg/util/intstr",
    "pkg/util/json",
    "pkg/util/naming",
    "pkg/util/net",
    "pkg/util/runtime",
    "pkg/util/sets",
    "pkg/util/validation",
    "pkg/util/validation/field",
    "pkg/util/wait",
    "pkg/util/yaml",
    "pkg/version",
    "pkg/watch",
    "third_party/forked/golang/reflect",
  ]
  pruneopts = "UT"
  revision = "5f1ab6ad9104144e43c7e477938fd278ade27eb2"
  source = "https://github.com/openshift/kubernetes-apimachinery.git"

[[projects]]
  digest = "1:4211b43f15ffb8ebc70207fdcff05cbe36a8c8342c273cff8f6ac959760e88c0"
  name = "k8s.io/apiserver"
  packages = [
    "pkg/apis/apiserver",
    "pkg/apis/apiserver/v1alpha1",
    "pkg/apis/audit",
    "pkg/apis/audit/v1alpha1",
    "pkg/apis/audit/v1beta1",
    "pkg/features",
    "pkg/util/feature",
  ]
  pruneopts = "UT"
  revision = "5ae41ac86efd753e2ba012f097b83a914b268236"
  version = "kubernetes-1.10.0"

[[projects]]
  digest = "1:803423cf93de6a54822a3f4769668bc72884768f816a5d2bdc3ec189cad7b88e"
  name = "k8s.io/client-go"
  packages = [
    "kubernetes/scheme",
    "pkg/apis/clientauthentication",
    "pkg/apis/clientauthentication/v1alpha1",
    "pkg/apis/clientauthentication/v1beta1",
    "pkg/version",
    "plugin/pkg/client/auth/exec",
    "rest",
    "rest/watch",
    "tools/auth",
    "tools/clientcmd",
    "tools/clientcmd/api",
    "tools/clientcmd/api/latest",
    "tools/clientcmd/api/v1",
    "tools/metrics",
    "transport",
    "util/cert",
    "util/connrotation",
    "util/flowcontrol",
    "util/homedir",
    "util/integer",
  ]
  pruneopts = "UT"
  revision = "7d04d0e2a0a1a4d4a1cd6baa432a2301492e4e65"
  version = "v8.0.0"

[[projects]]
  digest = "1:687f7cde8f81881b34bb620bbbac6eace51f35e739922813c29899cf21db4110"
  name = "k8s.io/kube-aggregator"
  packages = [
    "pkg/apis/apiregistration",
    "pkg/apis/apiregistration/install",
    "pkg/apis/apiregistration/v1",
    "pkg/apis/apiregistration/v1beta1",
  ]
  pruneopts = "UT"
  revision = "bd6e1ad75c9758cad2069bb2f65880cf805ad8e9"
  version = "kubernetes-1.11.0"

[[projects]]
  branch = "origin-3.11-kubernetes-1.11.1"
  digest = "1:b2fb4b7a4bc7f6faf71e33fc97cecf337f62beaf0aed15ae5a59ab3bb61e0470"
  name = "k8s.io/kubernetes"
  packages = [
    "pkg/api/legacyscheme",
    "pkg/api/service",
    "pkg/apis/admission",
    "pkg/apis/admission/install",
    "pkg/apis/admission/v1beta1",
    "pkg/apis/admissionregistration",
    "pkg/apis/admissionregistration/install",
    "pkg/apis/admissionregistration/v1alpha1",
    "pkg/apis/admissionregistration/v1beta1",
    "pkg/apis/apps",
    "pkg/apis/apps/install",
    "pkg/apis/apps/v1",
    "pkg/apis/apps/v1beta1",
    "pkg/apis/apps/v1beta2",
    "pkg/apis/authentication",
    "pkg/apis/authentication/install",
    "pkg/apis/authentication/v1",
    "pkg/apis/authentication/v1beta1",
    "pkg/apis/authorization",
    "pkg/apis/authorization/install",
    "pkg/apis/authorization/v1",
    "pkg/apis/authorization/v1beta1",
    "pkg/apis/autoscaling",
    "pkg/apis/autoscaling/install",
    "pkg/apis/autoscaling/v1",
    "pkg/apis/autoscaling/v2beta1",
    "pkg/apis/batch",
    "pkg/apis/batch/install",
    "pkg/apis/batch/v1",
    "pkg/apis/batch/v1beta1",
    "pkg/apis/batch/v2alpha1",
    "pkg/apis/certificates",
    "pkg/apis/certificates/install",
    "pkg/apis/certificates/v1beta1",
    "pkg/apis/componentconfig",
    "pkg/apis/componentconfig/install",
    "pkg/apis/componentconfig/v1alpha1",
    "pkg/apis/core",
    "pkg/apis/core/helper",
    "pkg/apis/core/install",
    "pkg/apis/core/pods",
    "pkg/apis/core/v1",
    "pkg/apis/core/v1/helper",
    "pkg/apis/core/validation",
    "pkg/apis/events",
    "pkg/apis/events/install",
    "pkg/apis/events/v1beta1",
    "pkg/apis/extensions",
    "pkg/apis/extensions/install",
    "pkg/apis/extensions/v1beta1",
    "pkg/apis/imagepolicy",
    "pkg/apis/imagepolicy/install",
    "pkg/apis/imagepolicy/v1alpha1",
    "pkg/apis/networking",
    "pkg/apis/networking/install",
    "pkg/apis/networking/v1",
    "pkg/apis/policy",
    "pkg/apis/policy/install",
    "pkg/apis/policy/v1beta1",
    "pkg/apis/rbac",
    "pkg/apis/rbac/install",
    "pkg/apis/rbac/v1",
    "pkg/apis/rbac/v1alpha1",
    "pkg/apis/rbac/v1beta1",
    "pkg/apis/scheduling",
    "pkg/apis/scheduling/install",
    "pkg/apis/scheduling/v1alpha1",
    "pkg/apis/scheduling/v1beta1",
    "pkg/apis/settings",
    "pkg/apis/settings/install",
    "pkg/apis/settings/v1alpha1",
    "pkg/apis/storage",
    "pkg/apis/storage/install",
    "pkg/apis/storage/v1",
    "pkg/apis/storage/v1alpha1",
    "pkg/apis/storage/v1beta1",
    "pkg/capabilities",
    "pkg/features",
    "pkg/fieldpath",
    "pkg/kubectl/scheme",
    "pkg/kubelet/apis",
    "pkg/kubelet/types",
    "pkg/master/ports",
    "pkg/security/apparmor",
    "pkg/util/file",
    "pkg/util/net/sets",
    "pkg/util/parsers",
    "pkg/util/pointer",
  ]
  pruneopts = "UT"
  revision = "0f51d762aba83a90c4b35e2d5d1e50f6aa48fc2a"
  source = "https://github.com/openshift/kubernetes.git"

[solve-meta]
  analyzer-name = "dep"
  analyzer-version = 1
  input-imports = [
    "github.com/blang/semver",
    "github.com/certifi/gocertifi",
    "github.com/coreos/etcd/auth/authpb",
    "github.com/coreos/etcd/clientv3",
    "github.com/coreos/etcd/etcdserver/api/v3rpc/rpctypes",
    "github.com/coreos/etcd/etcdserver/etcdserverpb",
    "github.com/coreos/etcd/mvcc/mvccpb",
    "github.com/coreos/etcd/pkg/tlsutil",
    "github.com/coreos/etcd/pkg/transport",
    "github.com/coreos/etcd/pkg/types",
    "github.com/davecgh/go-spew/spew",
    "github.com/docker/distribution/digestset",
    "github.com/docker/distribution/reference",
    "github.com/getsentry/raven-go",
    "github.com/ghodss/yaml",
    "github.com/gogo/protobuf/proto",
    "github.com/gogo/protobuf/sortkeys",
    "github.com/golang/glog",
    "github.com/golang/protobuf/proto",
    "github.com/golang/protobuf/protoc-gen-go/descriptor",
    "github.com/golang/protobuf/ptypes",
    "github.com/golang/protobuf/ptypes/any",
    "github.com/golang/protobuf/ptypes/duration",
    "github.com/golang/protobuf/ptypes/timestamp",
    "github.com/google/gofuzz",
    "github.com/inconshreveable/mousetrap",
    "github.com/json-iterator/go",
    "github.com/modern-go/concurrent",
    "github.com/modern-go/reflect2",
    "github.com/opencontainers/go-digest",
    "github.com/openshift/api/apps/v1",
    "github.com/openshift/api/authorization/v1",
    "github.com/openshift/api/build/v1",
    "github.com/openshift/api/image",
    "github.com/openshift/api/image/docker10",
    "github.com/openshift/api/image/dockerpre012",
    "github.com/openshift/api/image/v1",
    "github.com/openshift/api/network/v1",
    "github.com/openshift/api/oauth/v1",
    "github.com/openshift/api/pkg/serialization",
    "github.com/openshift/api/project/v1",
    "github.com/openshift/api/quota/v1",
    "github.com/openshift/api/route/v1",
    "github.com/openshift/api/security/v1",
    "github.com/openshift/api/template/v1",
    "github.com/openshift/api/user/v1",
    "github.com/openshift/library-go/pkg/serviceability",
    "github.com/openshift/origin/pkg/api/apihelpers",
    "github.com/openshift/origin/pkg/api/install",
    "github.com/openshift/origin/pkg/api/legacy",
    "github.com/openshift/origin/pkg/apps/apis/apps",
    "github.com/openshift/origin/pkg/apps/apis/apps/install",
    "github.com/openshift/origin/pkg/apps/apis/apps/v1",
    "github.com/openshift/origin/pkg/authorization/apis/authorization",
    "github.com/openshift/origin/pkg/authorization/apis/authorization/install",
    "github.com/openshift/origin/pkg/authorization/apis/authorization/internal/serviceaccount",
    "github.com/openshift/origin/pkg/authorization/apis/authorization/rbacconversion",
    "github.com/openshift/origin/pkg/authorization/apis/authorization/v1",
    "github.com/openshift/origin/pkg/build/apis/build",
    "github.com/openshift/origin/pkg/build/apis/build/install",
    "github.com/openshift/origin/pkg/build/apis/build/internal_helpers",
    "github.com/openshift/origin/pkg/build/apis/build/v1",
    "github.com/openshift/origin/pkg/cmd/server/apis/config",
    "github.com/openshift/origin/pkg/cmd/server/apis/config/install",
    "github.com/openshift/origin/pkg/cmd/server/apis/config/v1",
    "github.com/openshift/origin/pkg/cmd/util",
    "github.com/openshift/origin/pkg/cmd/util/pem",
    "github.com/openshift/origin/pkg/image/apis/image",
    "github.com/openshift/origin/pkg/image/apis/image/docker10",
    "github.com/openshift/origin/pkg/image/apis/image/install",
    "github.com/openshift/origin/pkg/image/apis/image/reference",
    "github.com/openshift/origin/pkg/image/apis/image/v1",
    "github.com/openshift/origin/pkg/image/apiserver/admission/apis/imagepolicy",
    "github.com/openshift/origin/pkg/image/apiserver/admission/apis/imagepolicy/install",
    "github.com/openshift/origin/pkg/image/apiserver/admission/apis/imagepolicy/v1",
    "github.com/openshift/origin/pkg/image/internal/digest",
    "github.com/openshift/origin/pkg/image/internal/reference",
    "github.com/openshift/origin/pkg/network/apis/network",
    "github.com/openshift/origin/pkg/network/apis/network/install",
    "github.com/openshift/origin/pkg/network/apis/network/v1",
    "github.com/openshift/origin/pkg/network/apiserver/admission/apis/ingressadmission",
    "github.com/openshift/origin/pkg/network/apiserver/admission/apis/ingressadmission/install",
    "github.com/openshift/origin/pkg/network/apiserver/admission/apis/ingressadmission/v1",
    "github.com/openshift/origin/pkg/oauth/apis/oauth",
    "github.com/openshift/origin/pkg/oauth/apis/oauth/install",
    "github.com/openshift/origin/pkg/oauth/apis/oauth/v1",
    "github.com/openshift/origin/pkg/project/apis/project",
    "github.com/openshift/origin/pkg/project/apis/project/install",
    "github.com/openshift/origin/pkg/project/apis/project/v1",
    "github.com/openshift/origin/pkg/project/apiserver/admission/apis/requestlimit",
    "github.com/openshift/origin/pkg/project/apiserver/admission/apis/requestlimit/install",
    "github.com/openshift/origin/pkg/project/apiserver/admission/apis/requestlimit/v1",
    "github.com/openshift/origin/pkg/quota/apis/quota",
    "github.com/openshift/origin/pkg/quota/apis/quota/install",
    "github.com/openshift/origin/pkg/quota/apis/quota/v1",
    "github.com/openshift/origin/pkg/quota/apiserver/admission/apis/clusterresourceoverride",
    "github.com/openshift/origin/pkg/quota/apiserver/admission/apis/clusterresourceoverride/install",
    "github.com/openshift/origin/pkg/quota/apiserver/admission/apis/clusterresourceoverride/v1",
    "github.com/openshift/origin/pkg/quota/apiserver/admission/apis/runonceduration",
    "github.com/openshift/origin/pkg/quota/apiserver/admission/apis/runonceduration/install",
    "github.com/openshift/origin/pkg/quota/apiserver/admission/apis/runonceduration/v1",
    "github.com/openshift/origin/pkg/route/apis/route",
    "github.com/openshift/origin/pkg/route/apis/route/install",
    "github.com/openshift/origin/pkg/route/apis/route/v1",
    "github.com/openshift/origin/pkg/scheduler/admission/apis/podnodeconstraints",
    "github.com/openshift/origin/pkg/scheduler/admission/apis/podnodeconstraints/install",
    "github.com/openshift/origin/pkg/scheduler/admission/apis/podnodeconstraints/v1",
    "github.com/openshift/origin/pkg/security/apis/security",
    "github.com/openshift/origin/pkg/security/apis/security/install",
    "github.com/openshift/origin/pkg/security/apis/security/v1",
    "github.com/openshift/origin/pkg/security/securitycontextconstraints/util",
    "github.com/openshift/origin/pkg/service/admission/apis/externalipranger",
    "github.com/openshift/origin/pkg/service/admission/apis/externalipranger/install",
    "github.com/openshift/origin/pkg/service/admission/apis/externalipranger/v1",
    "github.com/openshift/origin/pkg/service/admission/apis/restrictedendpoints",
    "github.com/openshift/origin/pkg/service/admission/apis/restrictedendpoints/install",
    "github.com/openshift/origin/pkg/service/admission/apis/restrictedendpoints/v1",
    "github.com/openshift/origin/pkg/template/apis/template",
    "github.com/openshift/origin/pkg/template/apis/template/install",
    "github.com/openshift/origin/pkg/template/apis/template/v1",
    "github.com/openshift/origin/pkg/user/apis/user",
    "github.com/openshift/origin/pkg/user/apis/user/install",
    "github.com/openshift/origin/pkg/user/apis/user/v1",
    "github.com/openshift/origin/pkg/user/apis/user/validation",
    "github.com/pkg/errors",
    "github.com/pkg/profile",
    "github.com/sirupsen/logrus",
    "github.com/spf13/cobra",
    "github.com/spf13/pflag",
    "golang.org/x/crypto/ssh/terminal",
    "golang.org/x/net/context",
    "golang.org/x/net/http2",
    "golang.org/x/net/idna",
    "golang.org/x/sys/unix",
    "golang.org/x/text/internal/gen",
    "golang.org/x/text/internal/ucd",
    "golang.org/x/text/transform",
    "golang.org/x/text/unicode/bidi",
    "golang.org/x/text/unicode/rangetable",
    "golang.org/x/time/rate",
    "google.golang.org/appengine/internal/base",
    "google.golang.org/appengine/internal/datastore",
    "google.golang.org/appengine/internal/log",
    "google.golang.org/appengine/internal/remote_api",
    "google.golang.org/genproto/googleapis/api/annotations",
    "google.golang.org/genproto/googleapis/rpc/status",
    "google.golang.org/grpc",
    "google.golang.org/grpc/codes",
    "google.golang.org/grpc/connectivity",
    "google.golang.org/grpc/credentials",
    "google.golang.org/grpc/grpclog",
    "google.golang.org/grpc/health/grpc_health_v1",
    "google.golang.org/grpc/keepalive",
    "google.golang.org/grpc/metadata",
    "google.golang.org/grpc/resolver",
    "google.golang.org/grpc/status",
    "gopkg.in/inf.v0",
    "gopkg.in/yaml.v2",
    "k8s.io/api/admission/v1beta1",
    "k8s.io/api/admissionregistration/v1alpha1",
    "k8s.io/api/admissionregistration/v1beta1",
    "k8s.io/api/apps/v1",
    "k8s.io/api/apps/v1beta1",
    "k8s.io/api/apps/v1beta2",
    "k8s.io/api/authentication/v1",
    "k8s.io/api/authentication/v1beta1",
    "k8s.io/api/authorization/v1",
    "k8s.io/api/authorization/v1beta1",
    "k8s.io/api/autoscaling/v1",
    "k8s.io/api/autoscaling/v2beta1",
    "k8s.io/api/batch/v1",
    "k8s.io/api/batch/v1beta1",
    "k8s.io/api/batch/v2alpha1",
    "k8s.io/api/certificates/v1beta1",
    "k8s.io/api/core/v1",
    "k8s.io/api/events/v1beta1",
    "k8s.io/api/extensions/v1beta1",
    "k8s.io/api/imagepolicy/v1alpha1",
    "k8s.io/api/networking/v1",
    "k8s.io/api/policy/v1beta1",
    "k8s.io/api/rbac/v1",
    "k8s.io/api/rbac/v1alpha1",
    "k8s.io/api/rbac/v1beta1",
    "k8s.io/api/scheduling/v1alpha1",
    "k8s.io/api/scheduling/v1beta1",
    "k8s.io/api/settings/v1alpha1",
    "k8s.io/api/storage/v1",
    "k8s.io/api/storage/v1alpha1",
    "k8s.io/api/storage/v1beta1",
    "k8s.io/apiextensions-apiserver/pkg/apis/apiextensions",
    "k8s.io/apiextensions-apiserver/pkg/apis/apiextensions/install",
    "k8s.io/apiextensions-apiserver/pkg/apis/apiextensions/v1beta1",
    "k8s.io/apiextensions-apiserver/pkg/features",
    "k8s.io/apimachinery/pkg/api/equality",
    "k8s.io/apimachinery/pkg/api/errors",
    "k8s.io/apimachinery/pkg/api/meta",
    "k8s.io/apimachinery/pkg/api/resource",
    "k8s.io/apimachinery/pkg/api/validation",
    "k8s.io/apimachinery/pkg/api/validation/path",
    "k8s.io/apimachinery/pkg/apis/meta/internalversion",
    "k8s.io/apimachinery/pkg/apis/meta/v1",
    "k8s.io/apimachinery/pkg/apis/meta/v1/unstructured",
    "k8s.io/apimachinery/pkg/apis/meta/v1beta1",
    "k8s.io/apimachinery/pkg/conversion",
    "k8s.io/apimachinery/pkg/fields",
    "k8s.io/apimachinery/pkg/labels",
    "k8s.io/apimachinery/pkg/runtime",
    "k8s.io/apimachinery/pkg/runtime/schema",
    "k8s.io/apimachinery/pkg/runtime/serializer",
    "k8s.io/apimachinery/pkg/runtime/serializer/json",
    "k8s.io/apimachinery/pkg/runtime/serializer/protobuf",
    "k8s.io/apimachinery/pkg/runtime/serializer/recognizer",
    "k8s.io/apimachinery/pkg/runtime/serializer/streaming",
    "k8s.io/apimachinery/pkg/runtime/serializer/versioning",
    "k8s.io/apimachinery/pkg/selection",
    "k8s.io/apimachinery/pkg/types",
    "k8s.io/apimachinery/pkg/util/clock",
    "k8s.io/apimachinery/pkg/util/errors",
    "k8s.io/apimachinery/pkg/util/framer",
    "k8s.io/apimachinery/pkg/util/intstr",
    "k8s.io/apimachinery/pkg/util/json",
    "k8s.io/apimachinery/pkg/util/net",
    "k8s.io/apimachinery/pkg/util/runtime",
    "k8s.io/apimachinery/pkg/util/sets",
    "k8s.io/apimachinery/pkg/util/validation",
    "k8s.io/apimachinery/pkg/util/validation/field",
    "k8s.io/apimachinery/pkg/util/yaml",
    "k8s.io/apimachinery/pkg/version",
    "k8s.io/apimachinery/pkg/watch",
    "k8s.io/apiserver/pkg/apis/apiserver",
    "k8s.io/apiserver/pkg/apis/apiserver/v1alpha1",
    "k8s.io/apiserver/pkg/apis/audit",
    "k8s.io/apiserver/pkg/apis/audit/v1alpha1",
    "k8s.io/apiserver/pkg/apis/audit/v1beta1",
    "k8s.io/apiserver/pkg/features",
    "k8s.io/apiserver/pkg/util/feature",
    "k8s.io/client-go/kubernetes/scheme",
    "k8s.io/client-go/pkg/apis/clientauthentication",
    "k8s.io/client-go/pkg/apis/clientauthentication/v1alpha1",
    "k8s.io/client-go/pkg/apis/clientauthentication/v1beta1",
    "k8s.io/client-go/pkg/version",
    "k8s.io/client-go/plugin/pkg/client/auth/exec",
    "k8s.io/client-go/rest",
    "k8s.io/client-go/rest/watch",
    "k8s.io/client-go/tools/clientcmd",
    "k8s.io/client-go/tools/clientcmd/api",
    "k8s.io/client-go/tools/clientcmd/api/v1",
    "k8s.io/client-go/tools/metrics",
    "k8s.io/client-go/transport",
    "k8s.io/client-go/util/cert",
    "k8s.io/client-go/util/connrotation",
    "k8s.io/client-go/util/flowcontrol",
    "k8s.io/client-go/util/integer",
    "k8s.io/kube-aggregator/pkg/apis/apiregistration",
    "k8s.io/kube-aggregator/pkg/apis/apiregistration/install",
    "k8s.io/kube-aggregator/pkg/apis/apiregistration/v1",
    "k8s.io/kube-aggregator/pkg/apis/apiregistration/v1beta1",
    "k8s.io/kubernetes/pkg/api/legacyscheme",
    "k8s.io/kubernetes/pkg/apis/admission",
    "k8s.io/kubernetes/pkg/apis/admission/install",
    "k8s.io/kubernetes/pkg/apis/admission/v1beta1",
    "k8s.io/kubernetes/pkg/apis/admissionregistration",
    "k8s.io/kubernetes/pkg/apis/admissionregistration/install",
    "k8s.io/kubernetes/pkg/apis/admissionregistration/v1alpha1",
    "k8s.io/kubernetes/pkg/apis/admissionregistration/v1beta1",
    "k8s.io/kubernetes/pkg/apis/apps",
    "k8s.io/kubernetes/pkg/apis/apps/install",
    "k8s.io/kubernetes/pkg/apis/apps/v1",
    "k8s.io/kubernetes/pkg/apis/apps/v1beta1",
    "k8s.io/kubernetes/pkg/apis/apps/v1beta2",
    "k8s.io/kubernetes/pkg/apis/authentication",
    "k8s.io/kubernetes/pkg/apis/authentication/install",
    "k8s.io/kubernetes/pkg/apis/authentication/v1",
    "k8s.io/kubernetes/pkg/apis/authentication/v1beta1",
    "k8s.io/kubernetes/pkg/apis/authorization",
    "k8s.io/kubernetes/pkg/apis/authorization/install",
    "k8s.io/kubernetes/pkg/apis/authorization/v1",
    "k8s.io/kubernetes/pkg/apis/authorization/v1beta1",
    "k8s.io/kubernetes/pkg/apis/autoscaling",
    "k8s.io/kubernetes/pkg/apis/autoscaling/install",
    "k8s.io/kubernetes/pkg/apis/autoscaling/v1",
    "k8s.io/kubernetes/pkg/apis/autoscaling/v2beta1",
    "k8s.io/kubernetes/pkg/apis/batch",
    "k8s.io/kubernetes/pkg/apis/batch/install",
    "k8s.io/kubernetes/pkg/apis/batch/v1",
    "k8s.io/kubernetes/pkg/apis/batch/v1beta1",
    "k8s.io/kubernetes/pkg/apis/batch/v2alpha1",
    "k8s.io/kubernetes/pkg/apis/certificates",
    "k8s.io/kubernetes/pkg/apis/certificates/install",
    "k8s.io/kubernetes/pkg/apis/certificates/v1beta1",
    "k8s.io/kubernetes/pkg/apis/componentconfig",
    "k8s.io/kubernetes/pkg/apis/componentconfig/install",
    "k8s.io/kubernetes/pkg/apis/componentconfig/v1alpha1",
    "k8s.io/kubernetes/pkg/apis/core",
    "k8s.io/kubernetes/pkg/apis/core/helper",
    "k8s.io/kubernetes/pkg/apis/core/install",
    "k8s.io/kubernetes/pkg/apis/core/v1",
    "k8s.io/kubernetes/pkg/apis/core/validation",
    "k8s.io/kubernetes/pkg/apis/events",
    "k8s.io/kubernetes/pkg/apis/events/install",
    "k8s.io/kubernetes/pkg/apis/events/v1beta1",
    "k8s.io/kubernetes/pkg/apis/extensions",
    "k8s.io/kubernetes/pkg/apis/extensions/install",
    "k8s.io/kubernetes/pkg/apis/extensions/v1beta1",
    "k8s.io/kubernetes/pkg/apis/imagepolicy",
    "k8s.io/kubernetes/pkg/apis/imagepolicy/install",
    "k8s.io/kubernetes/pkg/apis/imagepolicy/v1alpha1",
    "k8s.io/kubernetes/pkg/apis/networking",
    "k8s.io/kubernetes/pkg/apis/networking/install",
    "k8s.io/kubernetes/pkg/apis/networking/v1",
    "k8s.io/kubernetes/pkg/apis/policy",
    "k8s.io/kubernetes/pkg/apis/policy/install",
    "k8s.io/kubernetes/pkg/apis/policy/v1beta1",
    "k8s.io/kubernetes/pkg/apis/rbac",
    "k8s.io/kubernetes/pkg/apis/rbac/install",
    "k8s.io/kubernetes/pkg/apis/rbac/v1",
    "k8s.io/kubernetes/pkg/apis/rbac/v1alpha1",
    "k8s.io/kubernetes/pkg/apis/rbac/v1beta1",
    "k8s.io/kubernetes/pkg/apis/scheduling",
    "k8s.io/kubernetes/pkg/apis/scheduling/install",
    "k8s.io/kubernetes/pkg/apis/scheduling/v1alpha1",
    "k8s.io/kubernetes/pkg/apis/scheduling/v1beta1",
    "k8s.io/kubernetes/pkg/apis/settings",
    "k8s.io/kubernetes/pkg/apis/settings/install",
    "k8s.io/kubernetes/pkg/apis/settings/v1alpha1",
    "k8s.io/kubernetes/pkg/apis/storage",
    "k8s.io/kubernetes/pkg/apis/storage/install",
    "k8s.io/kubernetes/pkg/apis/storage/v1",
    "k8s.io/kubernetes/pkg/apis/storage/v1alpha1",
    "k8s.io/kubernetes/pkg/apis/storage/v1beta1",
    "k8s.io/kubernetes/pkg/features",
    "k8s.io/kubernetes/pkg/fieldpath",
    "k8s.io/kubernetes/pkg/kubectl/scheme",
    "k8s.io/kubernetes/pkg/kubelet/apis",
    "k8s.io/kubernetes/pkg/kubelet/types",
    "k8s.io/kubernetes/pkg/util/file",
    "k8s.io/kubernetes/pkg/util/net/sets",
  ]
  solver-name = "gps-cdcl"
  solver-version = 1
